
Microsoft Visual Studio Solution File, Format Version 12.00
# Visual Studio Version 17
VisualStudioVersion = 17.1.32407.343
MinimumVisualStudioVersion = 10.0.40219.1
Project("{FAE04EC0-301F-11D3-BF4B-00C04F79EFBC}") = "ByteBank", "ByteBank\ByteBank.csproj", "{D50CEEFA-A6C4-4204-AA47-7F5AC09F6D4A}"
EndProject
Project("{FAE04EC0-301F-11D3-BF4B-00C04F79EFBC}") = "RH", "RH\RH.csproj", "{3FF9012F-8E4D-4316-9EAE-2C800033B174}"
	ProjectSection(ProjectDependencies) = postProject
		{D50CEEFA-A6C4-4204-AA47-7F5AC09F6D4A} = {D50CEEFA-A6C4-4204-AA47-7F5AC09F6D4A}
	EndProjectSection
EndProject
Global
	GlobalSection(SolutionConfigurationPlatforms) = preSolution
		Debug|Any CPU = Debug|Any CPU
		Release|Any CPU = Release|Any CPU
	EndGlobalSection
	GlobalSection(ProjectConfigurationPlatforms) = postSolution
		{D50CEEFA-A6C4-4204-AA47-7F5AC09F6D4A}.Debug|Any CPU.ActiveCfg = Debug|Any CPU
		{D50CEEFA-A6C4-4204-AA47-7F5AC09F6D4A}.Debug|Any CPU.Build.0 = Debug|Any CPU
		{D50CEEFA-A6C4-4204-AA47-7F5AC09F6D4A}.Release|Any CPU.ActiveCfg = Release|Any CPU
		{D50CEEFA-A6C4-4204-AA47-7F5AC09F6D4A}.Release|Any CPU.Build.0 = Release|Any CPU
		{3FF9012F-8E4D-4316-9EAE-2C800033B174}.Debug|Any CPU.ActiveCfg = Debug|Any CPU
		{3FF9012F-8E4D-4316-9EAE-2C800033B174}.Debug|Any CPU.Build.0 = Debug|Any CPU
		{3FF9012F-8E4D-4316-9EAE-2C800033B174}.Release|Any CPU.ActiveCfg = Release|Any CPU
		{3FF9012F-8E4D-4316-9EAE-2C800033B174}.Release|Any CPU.Build.0 = Release|Any CPU
	EndGlobalSection
	GlobalSection(SolutionProperties) = preSolution
		HideSolutionNode = FALSE
	EndGlobalSection
	GlobalSection(ExtensibilityGlobals) = postSolution
		SolutionGuid = {7E08E4DA-6FF3-4D2D-9198-E0853C084EDF}
	EndGlobalSection
EndGlobal
